PODS:
  - Capacitor (1.3.0):
    - CapacitorCordova (= 1.3.0)
  - CapacitorCordova (1.3.0)
  - CordovaPlugins (1.3.0):
    - CapacitorCordova

DEPENDENCIES:
  - "Capacitor (from `../../node_modules/@capacitor/ios`)"
  - "CapacitorCordova (from `../../node_modules/@capacitor/ios`)"
  - CordovaPlugins (from `../capacitor-cordova-ios-plugins`)

EXTERNAL SOURCES:
  Capacitor:
    :path: "../../node_modules/@capacitor/ios"
  CapacitorCordova:
    :path: "../../node_modules/@capacitor/ios"
  CordovaPlugins:
    :path: "../capacitor-cordova-ios-plugins"

SPEC CHECKSUMS:
  Capacitor: 8be26c1099c8fb157a4eee9feaa6aa05e466d272
  CapacitorCordova: 8aeaad82ad344af66b02f4660dcf544eec79face
  CordovaPlugins: 52fca6d12775baa8b6134e557ef9a092a7f644dc

PODFILE CHECKSUM: 94cdc8d7ef3627fc64c87d8607710fcd858038fc

COCOAPODS: 1.8.4
